// !$*UTF8*$!
{
	archiveVersion = 1;
	classes = {
	};
	objectVersion = 56;
	objects = {

/* Begin PBXBuildFile section */
		6B15C2FC2C6E391400F1AD87 /* VideoCell.swift in Sources */ = {isa = PBXBuildFile; fileRef = 6B15C2FB2C6E391400F1AD87 /* VideoCell.swift */; };
		6B2F23612C6E984A0050A7D1 /* Video.swift in Sources */ = {isa = PBXBuildFile; fileRef = 6B2F23602C6E984A0050A7D1 /* Video.swift */; };
		6B2F23632C6E9B710050A7D1 /* Photo.swift in Sources */ = {isa = PBXBuildFile; fileRef = 6B2F23622C6E9B710050A7D1 /* Photo.swift */; };
		6B32230F2C6D4EE400D3FA9F /* CollectionView.swift in Sources */ = {isa = PBXBuildFile; fileRef = 6B32230E2C6D4EE400D3FA9F /* CollectionView.swift */; };
		6B40435E2C6B463A007E957D /* AppDelegate.swift in Sources */ = {isa = PBXBuildFile; fileRef = 6B40435D2C6B463A007E957D /* AppDelegate.swift */; };
		6B4043602C6B463A007E957D /* SceneDelegate.swift in Sources */ = {isa = PBXBuildFile; fileRef = 6B40435F2C6B463A007E957D /* SceneDelegate.swift */; };
		6B4043622C6B463A007E957D /* MainViewController.swift in Sources */ = {isa = PBXBuildFile; fileRef = 6B4043612C6B463A007E957D /* MainViewController.swift */; };
		6B4043672C6B463B007E957D /* Assets.xcassets in Resources */ = {isa = PBXBuildFile; fileRef = 6B4043662C6B463B007E957D /* Assets.xcassets */; };
		6B40436A2C6B463B007E957D /* Base in Resources */ = {isa = PBXBuildFile; fileRef = 6B4043692C6B463B007E957D /* Base */; };
		6BA136432C6B56AF00F9E798 /* WebViewController.swift in Sources */ = {isa = PBXBuildFile; fileRef = 6BA136422C6B56AF00F9E798 /* WebViewController.swift */; };
		6BA136452C6B5D0000F9E798 /* GalleryViewController.swift in Sources */ = {isa = PBXBuildFile; fileRef = 6BA136442C6B5D0000F9E798 /* GalleryViewController.swift */; };
		6BA1364C2C6B667F00F9E798 /* PhotoViewController.swift in Sources */ = {isa = PBXBuildFile; fileRef = 6BA1364B2C6B667F00F9E798 /* PhotoViewController.swift */; };
		6BA1364E2C6B66A900F9E798 /* VideoViewController.swift in Sources */ = {isa = PBXBuildFile; fileRef = 6BA1364D2C6B66A900F9E798 /* VideoViewController.swift */; };
		6BA136502C6BEB1F00F9E798 /* PhotoCell.swift in Sources */ = {isa = PBXBuildFile; fileRef = 6BA1364F2C6BEB1F00F9E798 /* PhotoCell.swift */; };
		6BA136532C6BF6CC00F9E798 /* SDWebImage in Frameworks */ = {isa = PBXBuildFile; productRef = 6BA136522C6BF6CC00F9E798 /* SDWebImage */; };
		6BA136552C6BF6CC00F9E798 /* SDWebImageMapKit in Frameworks */ = {isa = PBXBuildFile; productRef = 6BA136542C6BF6CC00F9E798 /* SDWebImageMapKit */; };
		6BC918882C70E69900618F9A /* Label.swift in Sources */ = {isa = PBXBuildFile; fileRef = 6BC918872C70E69900618F9A /* Label.swift */; };
		6BC9188A2C70EB8900618F9A /* AuthorizationButton.swift in Sources */ = {isa = PBXBuildFile; fileRef = 6BC918892C70EB8900618F9A /* AuthorizationButton.swift */; };
		6BC918902C70F3DB00618F9A /* WebViewControllerDelegate.swift in Sources */ = {isa = PBXBuildFile; fileRef = 6BC9188F2C70F3DB00618F9A /* WebViewControllerDelegate.swift */; };
		6BC918972C70F87200618F9A /* BarButtonItems.swift in Sources */ = {isa = PBXBuildFile; fileRef = 6BC918962C70F87200618F9A /* BarButtonItems.swift */; };
		6BC9189B2C71058F00618F9A /* ImageView.swift in Sources */ = {isa = PBXBuildFile; fileRef = 6BC9189A2C71058F00618F9A /* ImageView.swift */; };
		6BCF80592C6DF80200D8BB1B /* PhotoInfoViewController.swift in Sources */ = {isa = PBXBuildFile; fileRef = 6BCF80582C6DF80200D8BB1B /* PhotoInfoViewController.swift */; };
		6BE9CC8C2C6D287700A1420A /* NetworkService.swift in Sources */ = {isa = PBXBuildFile; fileRef = 6BE9CC8B2C6D287700A1420A /* NetworkService.swift */; };
		6BE9CC8E2C6D2ED200A1420A /* UrlComponents.swift in Sources */ = {isa = PBXBuildFile; fileRef = 6BE9CC8D2C6D2ED200A1420A /* UrlComponents.swift */; };
		6BFBFEBE2C6F64750010146E /* VideoInfoViewController.swift in Sources */ = {isa = PBXBuildFile; fileRef = 6BFBFEBD2C6F64750010146E /* VideoInfoViewController.swift */; };
		6BFBFEC02C6FA75E0010146E /* NetworkError.swift in Sources */ = {isa = PBXBuildFile; fileRef = 6BFBFEBF2C6FA75E0010146E /* NetworkError.swift */; };
		6BFBFEC32C6FB0C30010146E /* UIViewController+Extensions.swift in Sources */ = {isa = PBXBuildFile; fileRef = 6BFBFEC22C6FB0C30010146E /* UIViewController+Extensions.swift */; };
/* End PBXBuildFile section */

/* Begin PBXFileReference section */
		6B15C2FB2C6E391400F1AD87 /* VideoCell.swift */ = {isa = PBXFileReference; lastKnownFileType = sourcecode.swift; path = VideoCell.swift; sourceTree = "<group>"; };
		6B2F23602C6E984A0050A7D1 /* Video.swift */ = {isa = PBXFileReference; lastKnownFileType = sourcecode.swift; path = Video.swift; sourceTree = "<group>"; };
		6B2F23622C6E9B710050A7D1 /* Photo.swift */ = {isa = PBXFileReference; lastKnownFileType = sourcecode.swift; path = Photo.swift; sourceTree = "<group>"; };
		6B32230E2C6D4EE400D3FA9F /* CollectionView.swift */ = {isa = PBXFileReference; lastKnownFileType = sourcecode.swift; path = CollectionView.swift; sourceTree = "<group>"; };
		6B40435A2C6B463A007E957D /* MobileUpGallery.app */ = {isa = PBXFileReference; explicitFileType = wrapper.application; includeInIndex = 0; path = MobileUpGallery.app; sourceTree = BUILT_PRODUCTS_DIR; };
		6B40435D2C6B463A007E957D /* AppDelegate.swift */ = {isa = PBXFileReference; lastKnownFileType = sourcecode.swift; path = AppDelegate.swift; sourceTree = "<group>"; };
		6B40435F2C6B463A007E957D /* SceneDelegate.swift */ = {isa = PBXFileReference; lastKnownFileType = sourcecode.swift; path = SceneDelegate.swift; sourceTree = "<group>"; };
		6B4043612C6B463A007E957D /* MainViewController.swift */ = {isa = PBXFileReference; lastKnownFileType = sourcecode.swift; path = MainViewController.swift; sourceTree = "<group>"; };
		6B4043662C6B463B007E957D /* Assets.xcassets */ = {isa = PBXFileReference; lastKnownFileType = folder.assetcatalog; path = Assets.xcassets; sourceTree = "<group>"; };
		6B4043692C6B463B007E957D /* Base */ = {isa = PBXFileReference; lastKnownFileType = file.storyboard; name = Base; path = Base.lproj/LaunchScreen.storyboard; sourceTree = "<group>"; };
		6B40436B2C6B463B007E957D /* Info.plist */ = {isa = PBXFileReference; lastKnownFileType = text.plist.xml; path = Info.plist; sourceTree = "<group>"; };
		6BA136422C6B56AF00F9E798 /* WebViewController.swift */ = {isa = PBXFileReference; lastKnownFileType = sourcecode.swift; path = WebViewController.swift; sourceTree = "<group>"; };
		6BA136442C6B5D0000F9E798 /* GalleryViewController.swift */ = {isa = PBXFileReference; lastKnownFileType = sourcecode.swift; path = GalleryViewController.swift; sourceTree = "<group>"; };
		6BA1364B2C6B667F00F9E798 /* PhotoViewController.swift */ = {isa = PBXFileReference; lastKnownFileType = sourcecode.swift; path = PhotoViewController.swift; sourceTree = "<group>"; };
		6BA1364D2C6B66A900F9E798 /* VideoViewController.swift */ = {isa = PBXFileReference; lastKnownFileType = sourcecode.swift; path = VideoViewController.swift; sourceTree = "<group>"; };
		6BA1364F2C6BEB1F00F9E798 /* PhotoCell.swift */ = {isa = PBXFileReference; lastKnownFileType = sourcecode.swift; path = PhotoCell.swift; sourceTree = "<group>"; };
		6BC918872C70E69900618F9A /* Label.swift */ = {isa = PBXFileReference; lastKnownFileType = sourcecode.swift; path = Label.swift; sourceTree = "<group>"; };
		6BC918892C70EB8900618F9A /* AuthorizationButton.swift */ = {isa = PBXFileReference; lastKnownFileType = sourcecode.swift; path = AuthorizationButton.swift; sourceTree = "<group>"; };
		6BC9188F2C70F3DB00618F9A /* WebViewControllerDelegate.swift */ = {isa = PBXFileReference; lastKnownFileType = sourcecode.swift; path = WebViewControllerDelegate.swift; sourceTree = "<group>"; };
		6BC918962C70F87200618F9A /* BarButtonItems.swift */ = {isa = PBXFileReference; lastKnownFileType = sourcecode.swift; path = BarButtonItems.swift; sourceTree = "<group>"; };
		6BC9189A2C71058F00618F9A /* ImageView.swift */ = {isa = PBXFileReference; lastKnownFileType = sourcecode.swift; path = ImageView.swift; sourceTree = "<group>"; };
		6BCF80582C6DF80200D8BB1B /* PhotoInfoViewController.swift */ = {isa = PBXFileReference; lastKnownFileType = sourcecode.swift; path = PhotoInfoViewController.swift; sourceTree = "<group>"; };
		6BE9CC8B2C6D287700A1420A /* NetworkService.swift */ = {isa = PBXFileReference; lastKnownFileType = sourcecode.swift; path = NetworkService.swift; sourceTree = "<group>"; };
		6BE9CC8D2C6D2ED200A1420A /* UrlComponents.swift */ = {isa = PBXFileReference; lastKnownFileType = sourcecode.swift; path = UrlComponents.swift; sourceTree = "<group>"; };
		6BFBFEBD2C6F64750010146E /* VideoInfoViewController.swift */ = {isa = PBXFileReference; lastKnownFileType = sourcecode.swift; path = VideoInfoViewController.swift; sourceTree = "<group>"; };
		6BFBFEBF2C6FA75E0010146E /* NetworkError.swift */ = {isa = PBXFileReference; lastKnownFileType = sourcecode.swift; path = NetworkError.swift; sourceTree = "<group>"; };
		6BFBFEC22C6FB0C30010146E /* UIViewController+Extensions.swift */ = {isa = PBXFileReference; lastKnownFileType = sourcecode.swift; path = "UIViewController+Extensions.swift"; sourceTree = "<group>"; };
/* End PBXFileReference section */

/* Begin PBXFrameworksBuildPhase section */
		6B4043572C6B463A007E957D /* Frameworks */ = {
			isa = PBXFrameworksBuildPhase;
			buildActionMask = 2147483647;
			files = (
				6BA136552C6BF6CC00F9E798 /* SDWebImageMapKit in Frameworks */,
				6BA136532C6BF6CC00F9E798 /* SDWebImage in Frameworks */,
			);
			runOnlyForDeploymentPostprocessing = 0;
		};
/* End PBXFrameworksBuildPhase section */

/* Begin PBXGroup section */
		6B2F235F2C6E983C0050A7D1 /* Models */ = {
			isa = PBXGroup;
			children = (
				6B2F23602C6E984A0050A7D1 /* Video.swift */,
				6B2F23622C6E9B710050A7D1 /* Photo.swift */,
				6BC9188F2C70F3DB00618F9A /* WebViewControllerDelegate.swift */,
			);
			path = Models;
			sourceTree = "<group>";
		};
		6B32230D2C6D4EC700D3FA9F /* UIView */ = {
			isa = PBXGroup;
			children = (
				6B32230E2C6D4EE400D3FA9F /* CollectionView.swift */,
				6BC918872C70E69900618F9A /* Label.swift */,
				6BC9189A2C71058F00618F9A /* ImageView.swift */,
				6BC918892C70EB8900618F9A /* AuthorizationButton.swift */,
				6BC918962C70F87200618F9A /* BarButtonItems.swift */,
			);
			path = UIView;
			sourceTree = "<group>";
		};
		6B4043512C6B463A007E957D = {
			isa = PBXGroup;
			children = (
				6B40435C2C6B463A007E957D /* MobileUpGallery */,
				6B40435B2C6B463A007E957D /* Products */,
			);
			sourceTree = "<group>";
		};
		6B40435B2C6B463A007E957D /* Products */ = {
			isa = PBXGroup;
			children = (
				6B40435A2C6B463A007E957D /* MobileUpGallery.app */,
			);
			name = Products;
			sourceTree = "<group>";
		};
		6B40435C2C6B463A007E957D /* MobileUpGallery */ = {
			isa = PBXGroup;
			children = (
				6B4043712C6B4658007E957D /* Application */,
				6B32230D2C6D4EC700D3FA9F /* UIView */,
				6B2F235F2C6E983C0050A7D1 /* Models */,
				6BE9CC852C6D21A300A1420A /* NetworkService */,
				6BC9188B2C70F28500618F9A /* ViewControllers */,
				6BE9CC8F2C6D409600A1420A /* Cells */,
				6BFBFEC12C6FB09C0010146E /* Extensions */,
				6B4043722C6B466B007E957D /* SupportingFiles */,
			);
			path = MobileUpGallery;
			sourceTree = "<group>";
		};
		6B4043712C6B4658007E957D /* Application */ = {
			isa = PBXGroup;
			children = (
				6B40435D2C6B463A007E957D /* AppDelegate.swift */,
				6B40435F2C6B463A007E957D /* SceneDelegate.swift */,
			);
			path = Application;
			sourceTree = "<group>";
		};
		6B4043722C6B466B007E957D /* SupportingFiles */ = {
			isa = PBXGroup;
			children = (
				6B4043662C6B463B007E957D /* Assets.xcassets */,
				6B4043682C6B463B007E957D /* LaunchScreen.storyboard */,
				6B40436B2C6B463B007E957D /* Info.plist */,
			);
			path = SupportingFiles;
			sourceTree = "<group>";
		};
		6BC9188B2C70F28500618F9A /* ViewControllers */ = {
			isa = PBXGroup;
			children = (
				6B4043612C6B463A007E957D /* MainViewController.swift */,
				6BA136422C6B56AF00F9E798 /* WebViewController.swift */,
				6BA136442C6B5D0000F9E798 /* GalleryViewController.swift */,
				6BA1364B2C6B667F00F9E798 /* PhotoViewController.swift */,
				6BCF80582C6DF80200D8BB1B /* PhotoInfoViewController.swift */,
				6BA1364D2C6B66A900F9E798 /* VideoViewController.swift */,
				6BFBFEBD2C6F64750010146E /* VideoInfoViewController.swift */,
			);
			path = ViewControllers;
			sourceTree = "<group>";
		};
		6BE9CC852C6D21A300A1420A /* NetworkService */ = {
			isa = PBXGroup;
			children = (
				6BE9CC8B2C6D287700A1420A /* NetworkService.swift */,
				6BE9CC8D2C6D2ED200A1420A /* UrlComponents.swift */,
				6BFBFEBF2C6FA75E0010146E /* NetworkError.swift */,
			);
			path = NetworkService;
			sourceTree = "<group>";
		};
		6BE9CC8F2C6D409600A1420A /* Cells */ = {
			isa = PBXGroup;
			children = (
				6BA1364F2C6BEB1F00F9E798 /* PhotoCell.swift */,
				6B15C2FB2C6E391400F1AD87 /* VideoCell.swift */,
			);
			path = Cells;
			sourceTree = "<group>";
		};
		6BFBFEC12C6FB09C0010146E /* Extensions */ = {
			isa = PBXGroup;
			children = (
				6BFBFEC22C6FB0C30010146E /* UIViewController+Extensions.swift */,
			);
			path = Extensions;
			sourceTree = "<group>";
		};
/* End PBXGroup section */

/* Begin PBXNativeTarget section */
		6B4043592C6B463A007E957D /* MobileUpGallery */ = {
			isa = PBXNativeTarget;
			buildConfigurationList = 6B40436E2C6B463B007E957D /* Build configuration list for PBXNativeTarget "MobileUpGallery" */;
			buildPhases = (
				6B4043562C6B463A007E957D /* Sources */,
				6B4043572C6B463A007E957D /* Frameworks */,
				6B4043582C6B463A007E957D /* Resources */,
			);
			buildRules = (
			);
			dependencies = (
			);
			name = MobileUpGallery;
			packageProductDependencies = (
				6BA136522C6BF6CC00F9E798 /* SDWebImage */,
				6BA136542C6BF6CC00F9E798 /* SDWebImageMapKit */,
			);
			productName = MobileUpGallery;
			productReference = 6B40435A2C6B463A007E957D /* MobileUpGallery.app */;
			productType = "com.apple.product-type.application";
		};
/* End PBXNativeTarget section */

/* Begin PBXProject section */
		6B4043522C6B463A007E957D /* Project object */ = {
			isa = PBXProject;
			attributes = {
				BuildIndependentTargetsInParallel = 1;
				LastSwiftUpdateCheck = 1540;
				LastUpgradeCheck = 1540;
				TargetAttributes = {
					6B4043592C6B463A007E957D = {
						CreatedOnToolsVersion = 15.4;
					};
				};
			};
			buildConfigurationList = 6B4043552C6B463A007E957D /* Build configuration list for PBXProject "MobileUpGallery" */;
			compatibilityVersion = "Xcode 14.0";
			developmentRegion = en;
			hasScannedForEncodings = 0;
			knownRegions = (
				en,
				Base,
			);
			mainGroup = 6B4043512C6B463A007E957D;
			packageReferences = (
				6BA136512C6BF6CC00F9E798 /* XCRemoteSwiftPackageReference "SDWebImage" */,
			);
			productRefGroup = 6B40435B2C6B463A007E957D /* Products */;
			projectDirPath = "";
			projectRoot = "";
			targets = (
				6B4043592C6B463A007E957D /* MobileUpGallery */,
			);
		};
/* End PBXProject section */

/* Begin PBXResourcesBuildPhase section */
		6B4043582C6B463A007E957D /* Resources */ = {
			isa = PBXResourcesBuildPhase;
			buildActionMask = 2147483647;
			files = (
				6B4043672C6B463B007E957D /* Assets.xcassets in Resources */,
				6B40436A2C6B463B007E957D /* Base in Resources */,
			);
			runOnlyForDeploymentPostprocessing = 0;
		};
/* End PBXResourcesBuildPhase section */

/* Begin PBXSourcesBuildPhase section */
		6B4043562C6B463A007E957D /* Sources */ = {
			isa = PBXSourcesBuildPhase;
			buildActionMask = 2147483647;
			files = (
				6BFBFEC02C6FA75E0010146E /* NetworkError.swift in Sources */,
				6B4043622C6B463A007E957D /* MainViewController.swift in Sources */,
				6BE9CC8E2C6D2ED200A1420A /* UrlComponents.swift in Sources */,
				6BA1364E2C6B66A900F9E798 /* VideoViewController.swift in Sources */,
				6BFBFEC32C6FB0C30010146E /* UIViewController+Extensions.swift in Sources */,
				6BC918972C70F87200618F9A /* BarButtonItems.swift in Sources */,
				6B40435E2C6B463A007E957D /* AppDelegate.swift in Sources */,
				6BA136452C6B5D0000F9E798 /* GalleryViewController.swift in Sources */,
				6B2F23612C6E984A0050A7D1 /* Video.swift in Sources */,
				6BCF80592C6DF80200D8BB1B /* PhotoInfoViewController.swift in Sources */,
				6BC918882C70E69900618F9A /* Label.swift in Sources */,
				6BE9CC8C2C6D287700A1420A /* NetworkService.swift in Sources */,
				6BC9189B2C71058F00618F9A /* ImageView.swift in Sources */,
				6B15C2FC2C6E391400F1AD87 /* VideoCell.swift in Sources */,
				6B2F23632C6E9B710050A7D1 /* Photo.swift in Sources */,
				6BC918902C70F3DB00618F9A /* WebViewControllerDelegate.swift in Sources */,
				6BFBFEBE2C6F64750010146E /* VideoInfoViewController.swift in Sources */,
				6BA136502C6BEB1F00F9E798 /* PhotoCell.swift in Sources */,
				6BC9188A2C70EB8900618F9A /* AuthorizationButton.swift in Sources */,
				6B4043602C6B463A007E957D /* SceneDelegate.swift in Sources */,
				6BA136432C6B56AF00F9E798 /* WebViewController.swift in Sources */,
				6B32230F2C6D4EE400D3FA9F /* CollectionView.swift in Sources */,
				6BA1364C2C6B667F00F9E798 /* PhotoViewController.swift in Sources */,
			);
			runOnlyForDeploymentPostprocessing = 0;
		};
/* End PBXSourcesBuildPhase section */

/* Begin PBXVariantGroup section */
		6B4043682C6B463B007E957D /* LaunchScreen.storyboard */ = {
			isa = PBXVariantGroup;
			children = (
				6B4043692C6B463B007E957D /* Base */,
			);
			name = LaunchScreen.storyboard;
			sourceTree = "<group>";
		};
/* End PBXVariantGroup section */

/* Begin XCBuildConfiguration section */
		6B40436C2C6B463B007E957D /* Debug */ = {
			isa = XCBuildConfiguration;
			buildSettings = {
				ALWAYS_SEARCH_USER_PATHS = NO;
				ASSETCATALOG_COMPILER_GENERATE_SWIFT_ASSET_SYMBOL_EXTENSIONS = YES;
				CLANG_ANALYZER_NONNULL = YES;
				CLANG_ANALYZER_NUMBER_OBJECT_CONVERSION = YES_AGGRESSIVE;
				CLANG_CXX_LANGUAGE_STANDARD = "gnu++20";
				CLANG_ENABLE_MODULES = YES;
				CLANG_ENABLE_OBJC_ARC = YES;
				CLANG_ENABLE_OBJC_WEAK = YES;
				CLANG_WARN_BLOCK_CAPTURE_AUTORELEASING = YES;
				CLANG_WARN_BOOL_CONVERSION = YES;
				CLANG_WARN_COMMA = YES;
				CLANG_WARN_CONSTANT_CONVERSION = YES;
				CLANG_WARN_DEPRECATED_OBJC_IMPLEMENTATIONS = YES;
				CLANG_WARN_DIRECT_OBJC_ISA_USAGE = YES_ERROR;
				CLANG_WARN_DOCUMENTATION_COMMENTS = YES;
				CLANG_WARN_EMPTY_BODY = YES;
				CLANG_WARN_ENUM_CONVERSION = YES;
				CLANG_WARN_INFINITE_RECURSION = YES;
				CLANG_WARN_INT_CONVERSION = YES;
				CLANG_WARN_NON_LITERAL_NULL_CONVERSION = YES;
				CLANG_WARN_OBJC_IMPLICIT_RETAIN_SELF = YES;
				CLANG_WARN_OBJC_LITERAL_CONVERSION = YES;
				CLANG_WARN_OBJC_ROOT_CLASS = YES_ERROR;
				CLANG_WARN_QUOTED_INCLUDE_IN_FRAMEWORK_HEADER = YES;
				CLANG_WARN_RANGE_LOOP_ANALYSIS = YES;
				CLANG_WARN_STRICT_PROTOTYPES = YES;
				CLANG_WARN_SUSPICIOUS_MOVE = YES;
				CLANG_WARN_UNGUARDED_AVAILABILITY = YES_AGGRESSIVE;
				CLANG_WARN_UNREACHABLE_CODE = YES;
				CLANG_WARN__DUPLICATE_METHOD_MATCH = YES;
				COPY_PHASE_STRIP = NO;
				DEBUG_INFORMATION_FORMAT = dwarf;
				ENABLE_STRICT_OBJC_MSGSEND = YES;
				ENABLE_TESTABILITY = YES;
				ENABLE_USER_SCRIPT_SANDBOXING = YES;
				GCC_C_LANGUAGE_STANDARD = gnu17;
				GCC_DYNAMIC_NO_PIC = NO;
				GCC_NO_COMMON_BLOCKS = YES;
				GCC_OPTIMIZATION_LEVEL = 0;
				GCC_PREPROCESSOR_DEFINITIONS = (
					"DEBUG=1",
					"$(inherited)",
				);
				GCC_WARN_64_TO_32_BIT_CONVERSION = YES;
				GCC_WARN_ABOUT_RETURN_TYPE = YES_ERROR;
				GCC_WARN_UNDECLARED_SELECTOR = YES;
				GCC_WARN_UNINITIALIZED_AUTOS = YES_AGGRESSIVE;
				GCC_WARN_UNUSED_FUNCTION = YES;
				GCC_WARN_UNUSED_VARIABLE = YES;
				IPHONEOS_DEPLOYMENT_TARGET = 17.5;
				LOCALIZATION_PREFERS_STRING_CATALOGS = YES;
				MTL_ENABLE_DEBUG_INFO = INCLUDE_SOURCE;
				MTL_FAST_MATH = YES;
				ONLY_ACTIVE_ARCH = YES;
				SDKROOT = iphoneos;
				SWIFT_ACTIVE_COMPILATION_CONDITIONS = "DEBUG $(inherited)";
				SWIFT_OPTIMIZATION_LEVEL = "-Onone";
			};
			name = Debug;
		};
		6B40436D2C6B463B007E957D /* Release */ = {
			isa = XCBuildConfiguration;
			buildSettings = {
				ALWAYS_SEARCH_USER_PATHS = NO;
				ASSETCATALOG_COMPILER_GENERATE_SWIFT_ASSET_SYMBOL_EXTENSIONS = YES;
				CLANG_ANALYZER_NONNULL = YES;
				CLANG_ANALYZER_NUMBER_OBJECT_CONVERSION = YES_AGGRESSIVE;
				CLANG_CXX_LANGUAGE_STANDARD = "gnu++20";
				CLANG_ENABLE_MODULES = YES;
				CLANG_ENABLE_OBJC_ARC = YES;
				CLANG_ENABLE_OBJC_WEAK = YES;
				CLANG_WARN_BLOCK_CAPTURE_AUTORELEASING = YES;
				CLANG_WARN_BOOL_CONVERSION = YES;
				CLANG_WARN_COMMA = YES;
				CLANG_WARN_CONSTANT_CONVERSION = YES;
				CLANG_WARN_DEPRECATED_OBJC_IMPLEMENTATIONS = YES;
				CLANG_WARN_DIRECT_OBJC_ISA_USAGE = YES_ERROR;
				CLANG_WARN_DOCUMENTATION_COMMENTS = YES;
				CLANG_WARN_EMPTY_BODY = YES;
				CLANG_WARN_ENUM_CONVERSION = YES;
				CLANG_WARN_INFINITE_RECURSION = YES;
				CLANG_WARN_INT_CONVERSION = YES;
				CLANG_WARN_NON_LITERAL_NULL_CONVERSION = YES;
				CLANG_WARN_OBJC_IMPLICIT_RETAIN_SELF = YES;
				CLANG_WARN_OBJC_LITERAL_CONVERSION = YES;
				CLANG_WARN_OBJC_ROOT_CLASS = YES_ERROR;
				CLANG_WARN_QUOTED_INCLUDE_IN_FRAMEWORK_HEADER = YES;
				CLANG_WARN_RANGE_LOOP_ANALYSIS = YES;
				CLANG_WARN_STRICT_PROTOTYPES = YES;
				CLANG_WARN_SUSPICIOUS_MOVE = YES;
				CLANG_WARN_UNGUARDED_AVAILABILITY = YES_AGGRESSIVE;
				CLANG_WARN_UNREACHABLE_CODE = YES;
				CLANG_WARN__DUPLICATE_METHOD_MATCH = YES;
				COPY_PHASE_STRIP = NO;
				DEBUG_INFORMATION_FORMAT = "dwarf-with-dsym";
				ENABLE_NS_ASSERTIONS = NO;
				ENABLE_STRICT_OBJC_MSGSEND = YES;
				ENABLE_USER_SCRIPT_SANDBOXING = YES;
				GCC_C_LANGUAGE_STANDARD = gnu17;
				GCC_NO_COMMON_BLOCKS = YES;
				GCC_WARN_64_TO_32_BIT_CONVERSION = YES;
				GCC_WARN_ABOUT_RETURN_TYPE = YES_ERROR;
				GCC_WARN_UNDECLARED_SELECTOR = YES;
				GCC_WARN_UNINITIALIZED_AUTOS = YES_AGGRESSIVE;
				GCC_WARN_UNUSED_FUNCTION = YES;
				GCC_WARN_UNUSED_VARIABLE = YES;
				IPHONEOS_DEPLOYMENT_TARGET = 17.5;
				LOCALIZATION_PREFERS_STRING_CATALOGS = YES;
				MTL_ENABLE_DEBUG_INFO = NO;
				MTL_FAST_MATH = YES;
				SDKROOT = iphoneos;
				SWIFT_COMPILATION_MODE = wholemodule;
				VALIDATE_PRODUCT = YES;
			};
			name = Release;
		};
		6B40436F2C6B463B007E957D /* Debug */ = {
			isa = XCBuildConfiguration;
			buildSettings = {
				ASSETCATALOG_COMPILER_APPICON_NAME = AppIcon;
				ASSETCATALOG_COMPILER_GLOBAL_ACCENT_COLOR_NAME = AccentColor;
				CODE_SIGN_STYLE = Automatic;
				CURRENT_PROJECT_VERSION = 1;
				DEVELOPMENT_TEAM = UAX2RU75QB;
				GENERATE_INFOPLIST_FILE = YES;
				INFOPLIST_FILE = MobileUpGallery/SupportingFiles/Info.plist;
				INFOPLIST_KEY_NSPhotoLibraryAddUsageDescription = "Наше приложение запрашивает доступ к вашей галерее.";
				INFOPLIST_KEY_UIApplicationSupportsIndirectInputEvents = YES;
				INFOPLIST_KEY_UILaunchStoryboardName = LaunchScreen;
				INFOPLIST_KEY_UISupportedInterfaceOrientations = UIInterfaceOrientationPortrait;
				INFOPLIST_KEY_UISupportedInterfaceOrientations_iPad = "UIInterfaceOrientationLandscapeLeft UIInterfaceOrientationLandscapeRight UIInterfaceOrientationPortrait UIInterfaceOrientationPortraitUpsideDown";
				IPHONEOS_DEPLOYMENT_TARGET = 15.0;
				LD_RUNPATH_SEARCH_PATHS = (
					"$(inherited)",
					"@executable_path/Frameworks",
				);
				MARKETING_VERSION = 1.0;
				PRODUCT_BUNDLE_IDENTIFIER = Vasilii.MobileUpGallery;
				PRODUCT_NAME = "$(TARGET_NAME)";
				SUPPORTED_PLATFORMS = "iphoneos iphonesimulator";
				SUPPORTS_MACCATALYST = NO;
				SUPPORTS_MAC_DESIGNED_FOR_IPHONE_IPAD = NO;
				SUPPORTS_XR_DESIGNED_FOR_IPHONE_IPAD = NO;
				SWIFT_EMIT_LOC_STRINGS = YES;
				SWIFT_VERSION = 5.0;
				TARGETED_DEVICE_FAMILY = 1;
			};
			name = Debug;
		};
		6B4043702C6B463B007E957D /* Release */ = {
			isa = XCBuildConfiguration;
			buildSettings = {
				ASSETCATALOG_COMPILER_APPICON_NAME = AppIcon;
				ASSETCATALOG_COMPILER_GLOBAL_ACCENT_COLOR_NAME = AccentColor;
				CODE_SIGN_STYLE = Automatic;
				CURRENT_PROJECT_VERSION = 1;
				DEVELOPMENT_TEAM = UAX2RU75QB;
				GENERATE_INFOPLIST_FILE = YES;
				INFOPLIST_FILE = MobileUpGallery/SupportingFiles/Info.plist;
				INFOPLIST_KEY_NSPhotoLibraryAddUsageDescription = "Наше приложение запрашивает доступ к вашей галерее.";
				INFOPLIST_KEY_UIApplicationSupportsIndirectInputEvents = YES;
				INFOPLIST_KEY_UILaunchStoryboardName = LaunchScreen;
				INFOPLIST_KEY_UISupportedInterfaceOrientations = UIInterfaceOrientationPortrait;
				INFOPLIST_KEY_UISupportedInterfaceOrientations_iPad = "UIInterfaceOrientationLandscapeLeft UIInterfaceOrientationLandscapeRight UIInterfaceOrientationPortrait UIInterfaceOrientationPortraitUpsideDown";
				IPHONEOS_DEPLOYMENT_TARGET = 15.0;
				LD_RUNPATH_SEARCH_PATHS = (
					"$(inherited)",
					"@executable_path/Frameworks",
				);
				MARKETING_VERSION = 1.0;
				PRODUCT_BUNDLE_IDENTIFIER = Vasilii.MobileUpGallery;
				PRODUCT_NAME = "$(TARGET_NAME)";
				SUPPORTED_PLATFORMS = "iphoneos iphonesimulator";
				SUPPORTS_MACCATALYST = NO;
				SUPPORTS_MAC_DESIGNED_FOR_IPHONE_IPAD = NO;
				SUPPORTS_XR_DESIGNED_FOR_IPHONE_IPAD = NO;
				SWIFT_EMIT_LOC_STRINGS = YES;
				SWIFT_VERSION = 5.0;
				TARGETED_DEVICE_FAMILY = 1;
			};
			name = Release;
		};
/* End XCBuildConfiguration section */

/* Begin XCConfigurationList section */
		6B4043552C6B463A007E957D /* Build configuration list for PBXProject "MobileUpGallery" */ = {
			isa = XCConfigurationList;
			buildConfigurations = (
				6B40436C2C6B463B007E957D /* Debug */,
				6B40436D2C6B463B007E957D /* Release */,
			);
			defaultConfigurationIsVisible = 0;
			defaultConfigurationName = Release;
		};
		6B40436E2C6B463B007E957D /* Build configuration list for PBXNativeTarget "MobileUpGallery" */ = {
			isa = XCConfigurationList;
			buildConfigurations = (
				6B40436F2C6B463B007E957D /* Debug */,
				6B4043702C6B463B007E957D /* Release */,
			);
			defaultConfigurationIsVisible = 0;
			defaultConfigurationName = Release;
		};
/* End XCConfigurationList section */

/* Begin XCRemoteSwiftPackageReference section */
		6BA136512C6BF6CC00F9E798 /* XCRemoteSwiftPackageReference "SDWebImage" */ = {
			isa = XCRemoteSwiftPackageReference;
			repositoryURL = "https://github.com/SDWebImage/SDWebImage.git";
			requirement = {
				kind = upToNextMajorVersion;
				minimumVersion = 5.19.6;
			};
		};
/* End XCRemoteSwiftPackageReference section */

/* Begin XCSwiftPackageProductDependency section */
		6BA136522C6BF6CC00F9E798 /* SDWebImage */ = {
			isa = XCSwiftPackageProductDependency;
			package = 6BA136512C6BF6CC00F9E798 /* XCRemoteSwiftPackageReference "SDWebImage" */;
			productName = SDWebImage;
		};
		6BA136542C6BF6CC00F9E798 /* SDWebImageMapKit */ = {
			isa = XCSwiftPackageProductDependency;
			package = 6BA136512C6BF6CC00F9E798 /* XCRemoteSwiftPackageReference "SDWebImage" */;
			productName = SDWebImageMapKit;
		};
/* End XCSwiftPackageProductDependency section */
	};
	rootObject = 6B4043522C6B463A007E957D /* Project object */;
}
